
Microsoft Visual Studio Solution File, Format Version 12.00
# Visual Studio 14
VisualStudioVersion = 14.0.24720.0
MinimumVisualStudioVersion = 10.0.40219.1
Project("{8BC9CEB8-8B4A-11D0-8D11-00A0C91BC942}") = "server_example", "server_example\server_example.vcxproj", "{76C1387E-37D9-413E-A506-FADE500F9617}"
EndProject
Project("{8BC9CEB8-8B4A-11D0-8D11-00A0C91BC942}") = "sync_client_example", "sync_client_example\sync_client_example.vcxproj", "{FB0953C5-2EB7-469E-A3E0-B6A3F05E13EC}"
EndProject
Project("{8BC9CEB8-8B4A-11D0-8D11-00A0C91BC942}") = "async_client_example", "async_client_example\async_client_example.vcxproj", "{290C2B17-D183-479E-82B1-AE60C973FBC3}"
EndProject
Project("{8BC9CEB8-8B4A-11D0-8D11-00A0C91BC942}") = "pub_client_example", "pub_client_example\pub_client_example.vcxproj", "{0B1704CD-DDAF-4A2A-918F-E79D1CE5C8F0}"
EndProject
Project("{8BC9CEB8-8B4A-11D0-8D11-00A0C91BC942}") = "sub_client_example", "sub_client_example\sub_client_example.vcxproj", "{3A941BE6-D082-47B4-A6D6-81D693173FF2}"
EndProject
Project("{8BC9CEB8-8B4A-11D0-8D11-00A0C91BC942}") = "rest_rpc", "rest_rpc\rest_rpc.vcxproj", "{BB7587EB-C565-4B77-82B9-0F4D8C30E3CC}"
EndProject
Global
	GlobalSection(SolutionConfigurationPlatforms) = preSolution
		Debug|x64 = Debug|x64
		Debug|x86 = Debug|x86
		Release|x64 = Release|x64
		Release|x86 = Release|x86
	EndGlobalSection
	GlobalSection(ProjectConfigurationPlatforms) = postSolution
		{76C1387E-37D9-413E-A506-FADE500F9617}.Debug|x64.ActiveCfg = Debug|x64
		{76C1387E-37D9-413E-A506-FADE500F9617}.Debug|x64.Build.0 = Debug|x64
		{76C1387E-37D9-413E-A506-FADE500F9617}.Debug|x86.ActiveCfg = Debug|Win32
		{76C1387E-37D9-413E-A506-FADE500F9617}.Debug|x86.Build.0 = Debug|Win32
		{76C1387E-37D9-413E-A506-FADE500F9617}.Release|x64.ActiveCfg = Release|x64
		{76C1387E-37D9-413E-A506-FADE500F9617}.Release|x64.Build.0 = Release|x64
		{76C1387E-37D9-413E-A506-FADE500F9617}.Release|x86.ActiveCfg = Release|Win32
		{76C1387E-37D9-413E-A506-FADE500F9617}.Release|x86.Build.0 = Release|Win32
		{FB0953C5-2EB7-469E-A3E0-B6A3F05E13EC}.Debug|x64.ActiveCfg = Debug|x64
		{FB0953C5-2EB7-469E-A3E0-B6A3F05E13EC}.Debug|x64.Build.0 = Debug|x64
		{FB0953C5-2EB7-469E-A3E0-B6A3F05E13EC}.Debug|x86.ActiveCfg = Debug|Win32
		{FB0953C5-2EB7-469E-A3E0-B6A3F05E13EC}.Debug|x86.Build.0 = Debug|Win32
		{FB0953C5-2EB7-469E-A3E0-B6A3F05E13EC}.Release|x64.ActiveCfg = Release|x64
		{FB0953C5-2EB7-469E-A3E0-B6A3F05E13EC}.Release|x64.Build.0 = Release|x64
		{FB0953C5-2EB7-469E-A3E0-B6A3F05E13EC}.Release|x86.ActiveCfg = Release|Win32
		{FB0953C5-2EB7-469E-A3E0-B6A3F05E13EC}.Release|x86.Build.0 = Release|Win32
		{290C2B17-D183-479E-82B1-AE60C973FBC3}.Debug|x64.ActiveCfg = Debug|x64
		{290C2B17-D183-479E-82B1-AE60C973FBC3}.Debug|x64.Build.0 = Debug|x64
		{290C2B17-D183-479E-82B1-AE60C973FBC3}.Debug|x86.ActiveCfg = Debug|Win32
		{290C2B17-D183-479E-82B1-AE60C973FBC3}.Debug|x86.Build.0 = Debug|Win32
		{290C2B17-D183-479E-82B1-AE60C973FBC3}.Release|x64.ActiveCfg = Release|x64
		{290C2B17-D183-479E-82B1-AE60C973FBC3}.Release|x64.Build.0 = Release|x64
		{290C2B17-D183-479E-82B1-AE60C973FBC3}.Release|x86.ActiveCfg = Release|Win32
		{290C2B17-D183-479E-82B1-AE60C973FBC3}.Release|x86.Build.0 = Release|Win32
		{0B1704CD-DDAF-4A2A-918F-E79D1CE5C8F0}.Debug|x64.ActiveCfg = Debug|x64
		{0B1704CD-DDAF-4A2A-918F-E79D1CE5C8F0}.Debug|x64.Build.0 = Debug|x64
		{0B1704CD-DDAF-4A2A-918F-E79D1CE5C8F0}.Debug|x86.ActiveCfg = Debug|Win32
		{0B1704CD-DDAF-4A2A-918F-E79D1CE5C8F0}.Debug|x86.Build.0 = Debug|Win32
		{0B1704CD-DDAF-4A2A-918F-E79D1CE5C8F0}.Release|x64.ActiveCfg = Release|x64
		{0B1704CD-DDAF-4A2A-918F-E79D1CE5C8F0}.Release|x64.Build.0 = Release|x64
		{0B1704CD-DDAF-4A2A-918F-E79D1CE5C8F0}.Release|x86.ActiveCfg = Release|Win32
		{0B1704CD-DDAF-4A2A-918F-E79D1CE5C8F0}.Release|x86.Build.0 = Release|Win32
		{3A941BE6-D082-47B4-A6D6-81D693173FF2}.Debug|x64.ActiveCfg = Debug|x64
		{3A941BE6-D082-47B4-A6D6-81D693173FF2}.Debug|x64.Build.0 = Debug|x64
		{3A941BE6-D082-47B4-A6D6-81D693173FF2}.Debug|x86.ActiveCfg = Debug|Win32
		{3A941BE6-D082-47B4-A6D6-81D693173FF2}.Debug|x86.Build.0 = Debug|Win32
		{3A941BE6-D082-47B4-A6D6-81D693173FF2}.Release|x64.ActiveCfg = Release|x64
		{3A941BE6-D082-47B4-A6D6-81D693173FF2}.Release|x64.Build.0 = Release|x64
		{3A941BE6-D082-47B4-A6D6-81D693173FF2}.Release|x86.ActiveCfg = Release|Win32
		{3A941BE6-D082-47B4-A6D6-81D693173FF2}.Release|x86.Build.0 = Release|Win32
		{BB7587EB-C565-4B77-82B9-0F4D8C30E3CC}.Debug|x64.ActiveCfg = Debug|x64
		{BB7587EB-C565-4B77-82B9-0F4D8C30E3CC}.Debug|x64.Build.0 = Debug|x64
		{BB7587EB-C565-4B77-82B9-0F4D8C30E3CC}.Debug|x86.ActiveCfg = Debug|Win32
		{BB7587EB-C565-4B77-82B9-0F4D8C30E3CC}.Debug|x86.Build.0 = Debug|Win32
		{BB7587EB-C565-4B77-82B9-0F4D8C30E3CC}.Release|x64.ActiveCfg = Release|x64
		{BB7587EB-C565-4B77-82B9-0F4D8C30E3CC}.Release|x64.Build.0 = Release|x64
		{BB7587EB-C565-4B77-82B9-0F4D8C30E3CC}.Release|x86.ActiveCfg = Release|Win32
		{BB7587EB-C565-4B77-82B9-0F4D8C30E3CC}.Release|x86.Build.0 = Release|Win32
	EndGlobalSection
	GlobalSection(SolutionProperties) = preSolution
		HideSolutionNode = FALSE
	EndGlobalSection
EndGlobal
