<?xml version="1.0" encoding="utf-8"?>
<Project ToolsVersion="4.0" xmlns="http://schemas.microsoft.com/developer/msbuild/2003">
  <ItemGroup>
    <Filter Include="base">
      <UniqueIdentifier>{24e37928-1991-4dc3-ba22-e1520441ec16}</UniqueIdentifier>
    </Filter>
    <Filter Include="server">
      <UniqueIdentifier>{d4ce1e0f-96bd-4ce4-ab64-1698ae255233}</UniqueIdentifier>
    </Filter>
    <Filter Include="client">
      <UniqueIdentifier>{fd5429ba-5c93-48cd-ab60-b1f749ce23c1}</UniqueIdentifier>
    </Filter>
    <Filter Include="client\detail">
      <UniqueIdentifier>{bed6d52d-9edd-4bbb-a143-6923fd90b181}</UniqueIdentifier>
    </Filter>
  </ItemGroup>
  <ItemGroup>
    <ClInclude Include="..\..\rest_rpc\base\codec.hpp">
      <Filter>base</Filter>
    </ClInclude>
    <ClInclude Include="..\..\rest_rpc\base\common.h">
      <Filter>base</Filter>
    </ClInclude>
    <ClInclude Include="..\..\rest_rpc\base\consts.h">
      <Filter>base</Filter>
    </ClInclude>
    <ClInclude Include="..\..\rest_rpc\base\function_traits.hpp">
      <Filter>base</Filter>
    </ClInclude>
    <ClInclude Include="..\..\rest_rpc\base\log.hpp">
      <Filter>base</Filter>
    </ClInclude>
    <ClInclude Include="..\..\rest_rpc\base\utils.hpp">
      <Filter>base</Filter>
    </ClInclude>
    <ClInclude Include="..\..\rest_rpc\client\async_client.hpp">
      <Filter>client</Filter>
    </ClInclude>
    <ClInclude Include="..\..\rest_rpc\client\protocol.hpp">
      <Filter>client</Filter>
    </ClInclude>
    <ClInclude Include="..\..\rest_rpc\server\connection.hpp">
      <Filter>server</Filter>
    </ClInclude>
    <ClInclude Include="..\..\rest_rpc\server\connection_impl.hpp">
      <Filter>server</Filter>
    </ClInclude>
    <ClInclude Include="..\..\rest_rpc\server\router.hpp">
      <Filter>server</Filter>
    </ClInclude>
    <ClInclude Include="..\..\rest_rpc\server\server.hpp">
      <Filter>server</Filter>
    </ClInclude>
    <ClInclude Include="..\..\rest_rpc\client.hpp" />
    <ClInclude Include="..\..\rest_rpc\forward.hpp" />
    <ClInclude Include="..\..\rest_rpc\rpc.hpp" />
    <ClInclude Include="..\..\rest_rpc\server.hpp" />
    <ClInclude Include="..\..\rest_rpc\client\detail\async_rpc_session.hpp">
      <Filter>client\detail</Filter>
    </ClInclude>
    <ClInclude Include="..\..\rest_rpc\client\detail\async_sub_session.hpp">
      <Filter>client\detail</Filter>
    </ClInclude>
    <ClInclude Include="..\..\rest_rpc\client\detail\wait_barrier.hpp">
      <Filter>client\detail</Filter>
    </ClInclude>
    <ClInclude Include="..\..\rest_rpc\client\detail\async_rpc_context.hpp">
      <Filter>client\detail</Filter>
    </ClInclude>
    <ClInclude Include="..\..\rest_rpc\client\detail\async_connection.hpp">
      <Filter>client\detail</Filter>
    </ClInclude>
    <ClInclude Include="..\..\rest_rpc\client\detail\async_rpc_session_impl.hpp">
      <Filter>client\detail</Filter>
    </ClInclude>
    <ClInclude Include="..\..\rest_rpc\server\ios_wrapper.hpp">
      <Filter>server</Filter>
    </ClInclude>
    <ClInclude Include="..\..\rest_rpc\base\excetion.hpp">
      <Filter>base</Filter>
    </ClInclude>
    <ClInclude Include="..\..\rest_rpc\client\sync_client.hpp">
      <Filter>client</Filter>
    </ClInclude>
    <ClInclude Include="..\..\rest_rpc\server\context.hpp">
      <Filter>server</Filter>
    </ClInclude>
  </ItemGroup>
</Project>